
Microsoft Visual Studio Solution File, Format Version 12.00
# Visual Studio Version 16
VisualStudioVersion = 16.0.31112.23
MinimumVisualStudioVersion = 10.0.40219.1
Project("{FAE04EC0-301F-11D3-BF4B-00C04F79EFBC}") = "Polymorphism Example", "Polymorphism Example.csproj", "{E8569DB5-FE5F-43CF-A1BF-7AE26129C4A0}"
EndProject
Global
	GlobalSection(SolutionConfigurationPlatforms) = preSolution
		Debug|Any CPU = Debug|Any CPU
		Release|Any CPU = Release|Any CPU
	EndGlobalSection
	GlobalSection(ProjectConfigurationPlatforms) = postSolution
		{E8569DB5-FE5F-43CF-A1BF-7AE26129C4A0}.Debug|Any CPU.ActiveCfg = Debug|Any CPU
		{E8569DB5-FE5F-43CF-A1BF-7AE26129C4A0}.Debug|Any CPU.Build.0 = Debug|Any CPU
		{E8569DB5-FE5F-43CF-A1BF-7AE26129C4A0}.Release|Any CPU.ActiveCfg = Release|Any CPU
		{E8569DB5-FE5F-43CF-A1BF-7AE26129C4A0}.Release|Any CPU.Build.0 = Release|Any CPU
	EndGlobalSection
	GlobalSection(SolutionProperties) = preSolution
		HideSolutionNode = FALSE
	EndGlobalSection
	GlobalSection(ExtensibilityGlobals) = postSolution
		SolutionGuid = {7D324C00-6D5E-4E8D-B1A7-4D97227DD328}
	EndGlobalSection
EndGlobal
